
Microsoft Visual Studio Solution File, Format Version 12.00
# Visual Studio Version 17
VisualStudioVersion = 17.11.35312.102
MinimumVisualStudioVersion = 10.0.40219.1
Project("{FAE04EC0-301F-11D3-BF4B-00C04F79EFBC}") = "MediaPlayer", "MediaPlayer.csproj", "{D7440FED-1972-4335-B041-F58A1B078A81}"
EndProject
Global
	GlobalSection(SolutionConfigurationPlatforms) = preSolution
		Debug|Any CPU = Debug|Any CPU
		Release|Any CPU = Release|Any CPU
	EndGlobalSection
	GlobalSection(ProjectConfigurationPlatforms) = postSolution
		{D7440FED-1972-4335-B041-F58A1B078A81}.Debug|Any CPU.ActiveCfg = Debug|Any CPU
		{D7440FED-1972-4335-B041-F58A1B078A81}.Debug|Any CPU.Build.0 = Debug|Any CPU
		{D7440FED-1972-4335-B041-F58A1B078A81}.Release|Any CPU.ActiveCfg = Release|Any CPU
		{D7440FED-1972-4335-B041-F58A1B078A81}.Release|Any CPU.Build.0 = Release|Any CPU
	EndGlobalSection
	GlobalSection(SolutionProperties) = preSolution
		HideSolutionNode = FALSE
	EndGlobalSection
	GlobalSection(ExtensibilityGlobals) = postSolution
		SolutionGuid = {A2D91D5B-83B5-442E-BE39-0DBB8C6B586B}
	EndGlobalSection
EndGlobal
